// !$*UTF8*$!
{
	archiveVersion = 1;
	classes = {
	};
	objectVersion = 50;
	objects = {

/* Begin PBXBuildFile section */
		182E7C6E241FB566004FDCF2 /* Extension.swift in Sources */ = {isa = PBXBuildFile; fileRef = 182E7C6D241FB566004FDCF2 /* Extension.swift */; };
		186F2ED22420E4030049CB68 /* Colors.swift in Sources */ = {isa = PBXBuildFile; fileRef = 186F2ED12420E4030049CB68 /* Colors.swift */; };
		1875E8472420A3DC00094E90 /* SignUpWindow.swift in Sources */ = {isa = PBXBuildFile; fileRef = 1875E8462420A3DC00094E90 /* SignUpWindow.swift */; };
		1875E8492420AB2A00094E90 /* CommanMethod.swift in Sources */ = {isa = PBXBuildFile; fileRef = 1875E8482420AB2A00094E90 /* CommanMethod.swift */; };
		1875E84D2420B38900094E90 /* Onboard_1.swift in Sources */ = {isa = PBXBuildFile; fileRef = 1875E84C2420B38900094E90 /* Onboard_1.swift */; };
		18C6DED4242092A70063F821 /* LoginWindow.swift in Sources */ = {isa = PBXBuildFile; fileRef = 18C6DED3242092A70063F821 /* LoginWindow.swift */; };
		18E30B4323F2E11B007DE3EA /* AppDelegate.swift in Sources */ = {isa = PBXBuildFile; fileRef = 18E30B4223F2E11B007DE3EA /* AppDelegate.swift */; };
		18E30B4523F2E11B007DE3EA /* SceneDelegate.swift in Sources */ = {isa = PBXBuildFile; fileRef = 18E30B4423F2E11B007DE3EA /* SceneDelegate.swift */; };
		18E30B4A23F2E11B007DE3EA /* Main.storyboard in Resources */ = {isa = PBXBuildFile; fileRef = 18E30B4823F2E11B007DE3EA /* Main.storyboard */; };
		18E30B4D23F2E11B007DE3EA /* PetsNBeyond.xcdatamodeld in Sources */ = {isa = PBXBuildFile; fileRef = 18E30B4B23F2E11B007DE3EA /* PetsNBeyond.xcdatamodeld */; };
		18E30B4F23F2E11C007DE3EA /* Assets.xcassets in Resources */ = {isa = PBXBuildFile; fileRef = 18E30B4E23F2E11C007DE3EA /* Assets.xcassets */; };
		18E30B5223F2E11C007DE3EA /* LaunchScreen.storyboard in Resources */ = {isa = PBXBuildFile; fileRef = 18E30B5023F2E11C007DE3EA /* LaunchScreen.storyboard */; };
/* End PBXBuildFile section */

/* Begin PBXFileReference section */
		182E7C6D241FB566004FDCF2 /* Extension.swift */ = {isa = PBXFileReference; lastKnownFileType = sourcecode.swift; path = Extension.swift; sourceTree = "<group>"; };
		186F2ED12420E4030049CB68 /* Colors.swift */ = {isa = PBXFileReference; lastKnownFileType = sourcecode.swift; path = Colors.swift; sourceTree = "<group>"; };
		1875E8462420A3DC00094E90 /* SignUpWindow.swift */ = {isa = PBXFileReference; lastKnownFileType = sourcecode.swift; path = SignUpWindow.swift; sourceTree = "<group>"; };
		1875E8482420AB2A00094E90 /* CommanMethod.swift */ = {isa = PBXFileReference; lastKnownFileType = sourcecode.swift; path = CommanMethod.swift; sourceTree = "<group>"; };
		1875E84C2420B38900094E90 /* Onboard_1.swift */ = {isa = PBXFileReference; lastKnownFileType = sourcecode.swift; path = Onboard_1.swift; sourceTree = "<group>"; };
		18C6DED3242092A70063F821 /* LoginWindow.swift */ = {isa = PBXFileReference; lastKnownFileType = sourcecode.swift; path = LoginWindow.swift; sourceTree = "<group>"; };
		18E30B3F23F2E11B007DE3EA /* PetsNBeyond.app */ = {isa = PBXFileReference; explicitFileType = wrapper.application; includeInIndex = 0; path = PetsNBeyond.app; sourceTree = BUILT_PRODUCTS_DIR; };
		18E30B4223F2E11B007DE3EA /* AppDelegate.swift */ = {isa = PBXFileReference; lastKnownFileType = sourcecode.swift; path = AppDelegate.swift; sourceTree = "<group>"; };
		18E30B4423F2E11B007DE3EA /* SceneDelegate.swift */ = {isa = PBXFileReference; lastKnownFileType = sourcecode.swift; path = SceneDelegate.swift; sourceTree = "<group>"; };
		18E30B4923F2E11B007DE3EA /* Base */ = {isa = PBXFileReference; lastKnownFileType = file.storyboard; name = Base; path = Base.lproj/Main.storyboard; sourceTree = "<group>"; };
		18E30B4C23F2E11B007DE3EA /* PetsNBeyond.xcdatamodel */ = {isa = PBXFileReference; lastKnownFileType = wrapper.xcdatamodel; path = PetsNBeyond.xcdatamodel; sourceTree = "<group>"; };
		18E30B4E23F2E11C007DE3EA /* Assets.xcassets */ = {isa = PBXFileReference; lastKnownFileType = folder.assetcatalog; path = Assets.xcassets; sourceTree = "<group>"; };
		18E30B5123F2E11C007DE3EA /* Base */ = {isa = PBXFileReference; lastKnownFileType = file.storyboard; name = Base; path = Base.lproj/LaunchScreen.storyboard; sourceTree = "<group>"; };
		18E30B5323F2E11C007DE3EA /* Info.plist */ = {isa = PBXFileReference; lastKnownFileType = text.plist.xml; path = Info.plist; sourceTree = "<group>"; };
/* End PBXFileReference section */

/* Begin PBXFrameworksBuildPhase section */
		18E30B3C23F2E11B007DE3EA /* Frameworks */ = {
			isa = PBXFrameworksBuildPhase;
			buildActionMask = 2147483647;
			files = (
			);
			runOnlyForDeploymentPostprocessing = 0;
		};
/* End PBXFrameworksBuildPhase section */

/* Begin PBXGroup section */
		18E30B3623F2E11B007DE3EA = {
			isa = PBXGroup;
			children = (
				18E30B4123F2E11B007DE3EA /* PetsNBeyond */,
				18E30B4023F2E11B007DE3EA /* Products */,
			);
			sourceTree = "<group>";
		};
		18E30B4023F2E11B007DE3EA /* Products */ = {
			isa = PBXGroup;
			children = (
				18E30B3F23F2E11B007DE3EA /* PetsNBeyond.app */,
			);
			name = Products;
			sourceTree = "<group>";
		};
		18E30B4123F2E11B007DE3EA /* PetsNBeyond */ = {
			isa = PBXGroup;
			children = (
				18E30B4223F2E11B007DE3EA /* AppDelegate.swift */,
				18E30B4423F2E11B007DE3EA /* SceneDelegate.swift */,
				18E30B4823F2E11B007DE3EA /* Main.storyboard */,
				1875E8482420AB2A00094E90 /* CommanMethod.swift */,
				1875E8462420A3DC00094E90 /* SignUpWindow.swift */,
				1875E84C2420B38900094E90 /* Onboard_1.swift */,
				18C6DED3242092A70063F821 /* LoginWindow.swift */,
				186F2ED12420E4030049CB68 /* Colors.swift */,
				182E7C6D241FB566004FDCF2 /* Extension.swift */,
				18E30B4E23F2E11C007DE3EA /* Assets.xcassets */,
				18E30B5023F2E11C007DE3EA /* LaunchScreen.storyboard */,
				18E30B5323F2E11C007DE3EA /* Info.plist */,
				18E30B4B23F2E11B007DE3EA /* PetsNBeyond.xcdatamodeld */,
			);
			path = PetsNBeyond;
			sourceTree = "<group>";
		};
/* End PBXGroup section */

/* Begin PBXNativeTarget section */
		18E30B3E23F2E11B007DE3EA /* PetsNBeyond */ = {
			isa = PBXNativeTarget;
			buildConfigurationList = 18E30B5623F2E11C007DE3EA /* Build configuration list for PBXNativeTarget "PetsNBeyond" */;
			buildPhases = (
				18E30B3B23F2E11B007DE3EA /* Sources */,
				18E30B3C23F2E11B007DE3EA /* Frameworks */,
				18E30B3D23F2E11B007DE3EA /* Resources */,
			);
			buildRules = (
			);
			dependencies = (
			);
			name = PetsNBeyond;
			productName = PetsNBeyond;
			productReference = 18E30B3F23F2E11B007DE3EA /* PetsNBeyond.app */;
			productType = "com.apple.product-type.application";
		};
/* End PBXNativeTarget section */

/* Begin PBXProject section */
		18E30B3723F2E11B007DE3EA /* Project object */ = {
			isa = PBXProject;
			attributes = {
				LastSwiftUpdateCheck = 1130;
				LastUpgradeCheck = 1130;
				ORGANIZATIONNAME = theabhieye;
				TargetAttributes = {
					18E30B3E23F2E11B007DE3EA = {
						CreatedOnToolsVersion = 11.3;
					};
				};
			};
			buildConfigurationList = 18E30B3A23F2E11B007DE3EA /* Build configuration list for PBXProject "PetsNBeyond" */;
			compatibilityVersion = "Xcode 9.3";
			developmentRegion = en;
			hasScannedForEncodings = 0;
			knownRegions = (
				en,
				Base,
			);
			mainGroup = 18E30B3623F2E11B007DE3EA;
			productRefGroup = 18E30B4023F2E11B007DE3EA /* Products */;
			projectDirPath = "";
			projectRoot = "";
			targets = (
				18E30B3E23F2E11B007DE3EA /* PetsNBeyond */,
			);
		};
/* End PBXProject section */

/* Begin PBXResourcesBuildPhase section */
		18E30B3D23F2E11B007DE3EA /* Resources */ = {
			isa = PBXResourcesBuildPhase;
			buildActionMask = 2147483647;
			files = (
				18E30B5223F2E11C007DE3EA /* LaunchScreen.storyboard in Resources */,
				18E30B4F23F2E11C007DE3EA /* Assets.xcassets in Resources */,
				18E30B4A23F2E11B007DE3EA /* Main.storyboard in Resources */,
			);
			runOnlyForDeploymentPostprocessing = 0;
		};
/* End PBXResourcesBuildPhase section */

/* Begin PBXSourcesBuildPhase section */
		18E30B3B23F2E11B007DE3EA /* Sources */ = {
			isa = PBXSourcesBuildPhase;
			buildActionMask = 2147483647;
			files = (
				18E30B4323F2E11B007DE3EA /* AppDelegate.swift in Sources */,
				1875E8472420A3DC00094E90 /* SignUpWindow.swift in Sources */,
				182E7C6E241FB566004FDCF2 /* Extension.swift in Sources */,
				1875E84D2420B38900094E90 /* Onboard_1.swift in Sources */,
				1875E8492420AB2A00094E90 /* CommanMethod.swift in Sources */,
				18E30B4523F2E11B007DE3EA /* SceneDelegate.swift in Sources */,
				18E30B4D23F2E11B007DE3EA /* PetsNBeyond.xcdatamodeld in Sources */,
				18C6DED4242092A70063F821 /* LoginWindow.swift in Sources */,
				186F2ED22420E4030049CB68 /* Colors.swift in Sources */,
			);
			runOnlyForDeploymentPostprocessing = 0;
		};
/* End PBXSourcesBuildPhase section */

/* Begin PBXVariantGroup section */
		18E30B4823F2E11B007DE3EA /* Main.storyboard */ = {
			isa = PBXVariantGroup;
			children = (
				18E30B4923F2E11B007DE3EA /* Base */,
			);
			name = Main.storyboard;
			sourceTree = "<group>";
		};
		18E30B5023F2E11C007DE3EA /* LaunchScreen.storyboard */ = {
			isa = PBXVariantGroup;
			children = (
				18E30B5123F2E11C007DE3EA /* Base */,
			);
			name = LaunchScreen.storyboard;
			sourceTree = "<group>";
		};
/* End PBXVariantGroup section */

/* Begin XCBuildConfiguration section */
		18E30B5423F2E11C007DE3EA /* Debug */ = {
			isa = XCBuildConfiguration;
			buildSettings = {
				ALWAYS_SEARCH_USER_PATHS = NO;
				CLANG_ANALYZER_NONNULL = YES;
				CLANG_ANALYZER_NUMBER_OBJECT_CONVERSION = YES_AGGRESSIVE;
				CLANG_CXX_LANGUAGE_STANDARD = "gnu++14";
				CLANG_CXX_LIBRARY = "libc++";
				CLANG_ENABLE_MODULES = YES;
				CLANG_ENABLE_OBJC_ARC = YES;
				CLANG_ENABLE_OBJC_WEAK = YES;
				CLANG_WARN_BLOCK_CAPTURE_AUTORELEASING = YES;
				CLANG_WARN_BOOL_CONVERSION = YES;
				CLANG_WARN_COMMA = YES;
				CLANG_WARN_CONSTANT_CONVERSION = YES;
				CLANG_WARN_DEPRECATED_OBJC_IMPLEMENTATIONS = YES;
				CLANG_WARN_DIRECT_OBJC_ISA_USAGE = YES_ERROR;
				CLANG_WARN_DOCUMENTATION_COMMENTS = YES;
				CLANG_WARN_EMPTY_BODY = YES;
				CLANG_WARN_ENUM_CONVERSION = YES;
				CLANG_WARN_INFINITE_RECURSION = YES;
				CLANG_WARN_INT_CONVERSION = YES;
				CLANG_WARN_NON_LITERAL_NULL_CONVERSION = YES;
				CLANG_WARN_OBJC_IMPLICIT_RETAIN_SELF = YES;
				CLANG_WARN_OBJC_LITERAL_CONVERSION = YES;
				CLANG_WARN_OBJC_ROOT_CLASS = YES_ERROR;
				CLANG_WARN_RANGE_LOOP_ANALYSIS = YES;
				CLANG_WARN_STRICT_PROTOTYPES = YES;
				CLANG_WARN_SUSPICIOUS_MOVE = YES;
				CLANG_WARN_UNGUARDED_AVAILABILITY = YES_AGGRESSIVE;
				CLANG_WARN_UNREACHABLE_CODE = YES;
				CLANG_WARN__DUPLICATE_METHOD_MATCH = YES;
				COPY_PHASE_STRIP = NO;
				DEBUG_INFORMATION_FORMAT = dwarf;
				ENABLE_STRICT_OBJC_MSGSEND = YES;
				ENABLE_TESTABILITY = YES;
				GCC_C_LANGUAGE_STANDARD = gnu11;
				GCC_DYNAMIC_NO_PIC = NO;
				GCC_NO_COMMON_BLOCKS = YES;
				GCC_OPTIMIZATION_LEVEL = 0;
				GCC_PREPROCESSOR_DEFINITIONS = (
					"DEBUG=1",
					"$(inherited)",
				);
				GCC_WARN_64_TO_32_BIT_CONVERSION = YES;
				GCC_WARN_ABOUT_RETURN_TYPE = YES_ERROR;
				GCC_WARN_UNDECLARED_SELECTOR = YES;
				GCC_WARN_UNINITIALIZED_AUTOS = YES_AGGRESSIVE;
				GCC_WARN_UNUSED_FUNCTION = YES;
				GCC_WARN_UNUSED_VARIABLE = YES;
				IPHONEOS_DEPLOYMENT_TARGET = 13.2;
				MTL_ENABLE_DEBUG_INFO = INCLUDE_SOURCE;
				MTL_FAST_MATH = YES;
				ONLY_ACTIVE_ARCH = YES;
				SDKROOT = iphoneos;
				SWIFT_ACTIVE_COMPILATION_CONDITIONS = DEBUG;
				SWIFT_OPTIMIZATION_LEVEL = "-Onone";
			};
			name = Debug;
		};
		18E30B5523F2E11C007DE3EA /* Release */ = {
			isa = XCBuildConfiguration;
			buildSettings = {
				ALWAYS_SEARCH_USER_PATHS = NO;
				CLANG_ANALYZER_NONNULL = YES;
				CLANG_ANALYZER_NUMBER_OBJECT_CONVERSION = YES_AGGRESSIVE;
				CLANG_CXX_LANGUAGE_STANDARD = "gnu++14";
				CLANG_CXX_LIBRARY = "libc++";
				CLANG_ENABLE_MODULES = YES;
				CLANG_ENABLE_OBJC_ARC = YES;
				CLANG_ENABLE_OBJC_WEAK = YES;
				CLANG_WARN_BLOCK_CAPTURE_AUTORELEASING = YES;
				CLANG_WARN_BOOL_CONVERSION = YES;
				CLANG_WARN_COMMA = YES;
				CLANG_WARN_CONSTANT_CONVERSION = YES;
				CLANG_WARN_DEPRECATED_OBJC_IMPLEMENTATIONS = YES;
				CLANG_WARN_DIRECT_OBJC_ISA_USAGE = YES_ERROR;
				CLANG_WARN_DOCUMENTATION_COMMENTS = YES;
				CLANG_WARN_EMPTY_BODY = YES;
				CLANG_WARN_ENUM_CONVERSION = YES;
				CLANG_WARN_INFINITE_RECURSION = YES;
				CLANG_WARN_INT_CONVERSION = YES;
				CLANG_WARN_NON_LITERAL_NULL_CONVERSION = YES;
				CLANG_WARN_OBJC_IMPLICIT_RETAIN_SELF = YES;
				CLANG_WARN_OBJC_LITERAL_CONVERSION = YES;
				CLANG_WARN_OBJC_ROOT_CLASS = YES_ERROR;
				CLANG_WARN_RANGE_LOOP_ANALYSIS = YES;
				CLANG_WARN_STRICT_PROTOTYPES = YES;
				CLANG_WARN_SUSPICIOUS_MOVE = YES;
				CLANG_WARN_UNGUARDED_AVAILABILITY = YES_AGGRESSIVE;
				CLANG_WARN_UNREACHABLE_CODE = YES;
				CLANG_WARN__DUPLICATE_METHOD_MATCH = YES;
				COPY_PHASE_STRIP = NO;
				DEBUG_INFORMATION_FORMAT = "dwarf-with-dsym";
				ENABLE_NS_ASSERTIONS = NO;
				ENABLE_STRICT_OBJC_MSGSEND = YES;
				GCC_C_LANGUAGE_STANDARD = gnu11;
				GCC_NO_COMMON_BLOCKS = YES;
				GCC_WARN_64_TO_32_BIT_CONVERSION = YES;
				GCC_WARN_ABOUT_RETURN_TYPE = YES_ERROR;
				GCC_WARN_UNDECLARED_SELECTOR = YES;
				GCC_WARN_UNINITIALIZED_AUTOS = YES_AGGRESSIVE;
				GCC_WARN_UNUSED_FUNCTION = YES;
				GCC_WARN_UNUSED_VARIABLE = YES;
				IPHONEOS_DEPLOYMENT_TARGET = 13.2;
				MTL_ENABLE_DEBUG_INFO = NO;
				MTL_FAST_MATH = YES;
				SDKROOT = iphoneos;
				SWIFT_COMPILATION_MODE = wholemodule;
				SWIFT_OPTIMIZATION_LEVEL = "-O";
				VALIDATE_PRODUCT = YES;
			};
			name = Release;
		};
		18E30B5723F2E11C007DE3EA /* Debug */ = {
			isa = XCBuildConfiguration;
			buildSettings = {
				ASSETCATALOG_COMPILER_APPICON_NAME = AppIcon;
				CODE_SIGN_STYLE = Automatic;
				DEVELOPMENT_TEAM = 89TVPT6RTP;
				INFOPLIST_FILE = PetsNBeyond/Info.plist;
				LD_RUNPATH_SEARCH_PATHS = (
					"$(inherited)",
					"@executable_path/Frameworks",
				);
				PRODUCT_BUNDLE_IDENTIFIER = theabhieye.PetsNBeyond;
				PRODUCT_NAME = "$(TARGET_NAME)";
				SWIFT_VERSION = 5.0;
				TARGETED_DEVICE_FAMILY = "1,2";
			};
			name = Debug;
		};
		18E30B5823F2E11C007DE3EA /* Release */ = {
			isa = XCBuildConfiguration;
			buildSettings = {
				ASSETCATALOG_COMPILER_APPICON_NAME = AppIcon;
				CODE_SIGN_STYLE = Automatic;
				DEVELOPMENT_TEAM = 89TVPT6RTP;
				INFOPLIST_FILE = PetsNBeyond/Info.plist;
				LD_RUNPATH_SEARCH_PATHS = (
					"$(inherited)",
					"@executable_path/Frameworks",
				);
				PRODUCT_BUNDLE_IDENTIFIER = theabhieye.PetsNBeyond;
				PRODUCT_NAME = "$(TARGET_NAME)";
				SWIFT_VERSION = 5.0;
				TARGETED_DEVICE_FAMILY = "1,2";
			};
			name = Release;
		};
/* End XCBuildConfiguration section */

/* Begin XCConfigurationList section */
		18E30B3A23F2E11B007DE3EA /* Build configuration list for PBXProject "PetsNBeyond" */ = {
			isa = XCConfigurationList;
			buildConfigurations = (
				18E30B5423F2E11C007DE3EA /* Debug */,
				18E30B5523F2E11C007DE3EA /* Release */,
			);
			defaultConfigurationIsVisible = 0;
			defaultConfigurationName = Release;
		};
		18E30B5623F2E11C007DE3EA /* Build configuration list for PBXNativeTarget "PetsNBeyond" */ = {
			isa = XCConfigurationList;
			buildConfigurations = (
				18E30B5723F2E11C007DE3EA /* Debug */,
				18E30B5823F2E11C007DE3EA /* Release */,
			);
			defaultConfigurationIsVisible = 0;
			defaultConfigurationName = Release;
		};
/* End XCConfigurationList section */

/* Begin XCVersionGroup section */
		18E30B4B23F2E11B007DE3EA /* PetsNBeyond.xcdatamodeld */ = {
			isa = XCVersionGroup;
			children = (
				18E30B4C23F2E11B007DE3EA /* PetsNBeyond.xcdatamodel */,
			);
			currentVersion = 18E30B4C23F2E11B007DE3EA /* PetsNBeyond.xcdatamodel */;
			path = PetsNBeyond.xcdatamodeld;
			sourceTree = "<group>";
			versionGroupType = wrapper.xcdatamodel;
		};
/* End XCVersionGroup section */
	};
	rootObject = 18E30B3723F2E11B007DE3EA /* Project object */;
}
